// !$*UTF8*$!
{
	archiveVersion = 1;
	classes = {
	};
	objectVersion = 56;
	objects = {

/* Begin PBXBuildFile section */
		2C1BC95B2C63A12600419112 /* AppConstants.swift in Sources */ = {isa = PBXBuildFile; fileRef = 2C1BC95A2C63A12600419112 /* AppConstants.swift */; };
		2C40A26E2C99C7080049FBE8 /* InfoPlist.strings in Resources */ = {isa = PBXBuildFile; fileRef = 2C40A26C2C99C7080049FBE8 /* InfoPlist.strings */; };
		2C48ED902C8AD65200DAC3A0 /* SettingsViewController.swift in Sources */ = {isa = PBXBuildFile; fileRef = 2C48ED8F2C8AD65200DAC3A0 /* SettingsViewController.swift */; };
		2C48ED932C8AD71F00DAC3A0 /* SettingsTableViewCell.swift in Sources */ = {isa = PBXBuildFile; fileRef = 2C48ED922C8AD71F00DAC3A0 /* SettingsTableViewCell.swift */; };
		2C48ED952C8ADC0000DAC3A0 /* SettingsViewController.xib in Resources */ = {isa = PBXBuildFile; fileRef = 2C48ED942C8ADC0000DAC3A0 /* SettingsViewController.xib */; };
		2C48ED9B2C8B0A1E00DAC3A0 /* EmptyCell.swift in Sources */ = {isa = PBXBuildFile; fileRef = 2C48ED9A2C8B0A1E00DAC3A0 /* EmptyCell.swift */; };
		2CA7BAA52C6C938500F6DD55 /* FirebaseAnalytics in Frameworks */ = {isa = PBXBuildFile; productRef = 2CA7BAA42C6C938500F6DD55 /* FirebaseAnalytics */; };
		2CA7BAA72C6C978500F6DD55 /* GoogleService-Info.plist in Resources */ = {isa = PBXBuildFile; fileRef = 2CA7BAA62C6C978500F6DD55 /* GoogleService-Info.plist */; };
		2CACC4A72C5CC3D7008FC7BC /* Localizable.strings in Resources */ = {isa = PBXBuildFile; fileRef = 2CACC4A62C5CC3D7008FC7BC /* Localizable.strings */; };
		2CACC4AC2C5CD154008FC7BC /* MainTabBarViewController.swift in Sources */ = {isa = PBXBuildFile; fileRef = 2CACC4AB2C5CD154008FC7BC /* MainTabBarViewController.swift */; };
		2CACC4B02C5CD3CA008FC7BC /* SplashScreenViewController.swift in Sources */ = {isa = PBXBuildFile; fileRef = 2CACC4AE2C5CD3CA008FC7BC /* SplashScreenViewController.swift */; };
		2CACC4B12C5CD3CA008FC7BC /* SplashScreenViewController+extension.swift in Sources */ = {isa = PBXBuildFile; fileRef = 2CACC4AF2C5CD3CA008FC7BC /* SplashScreenViewController+extension.swift */; };
		2CACC4B42C5CD857008FC7BC /* FuelListViewController.swift in Sources */ = {isa = PBXBuildFile; fileRef = 2CACC4B32C5CD857008FC7BC /* FuelListViewController.swift */; };
		2CACC4B72C5CDA27008FC7BC /* FuelTableViewCell.swift in Sources */ = {isa = PBXBuildFile; fileRef = 2CACC4B62C5CDA27008FC7BC /* FuelTableViewCell.swift */; };
		2CACC4B92C5CE663008FC7BC /* FuelListViewController.xib in Resources */ = {isa = PBXBuildFile; fileRef = 2CACC4B82C5CE663008FC7BC /* FuelListViewController.xib */; };
		2CCA3E702C5BAAA80034812A /* AppDelegate.swift in Sources */ = {isa = PBXBuildFile; fileRef = 2CCA3E6F2C5BAAA80034812A /* AppDelegate.swift */; };
		2CCA3E722C5BAAA80034812A /* SceneDelegate.swift in Sources */ = {isa = PBXBuildFile; fileRef = 2CCA3E712C5BAAA80034812A /* SceneDelegate.swift */; };
		2CCA3E742C5BAAA80034812A /* ViewController.swift in Sources */ = {isa = PBXBuildFile; fileRef = 2CCA3E732C5BAAA80034812A /* ViewController.swift */; };
		2CCA3E792C5BAAA90034812A /* Assets.xcassets in Resources */ = {isa = PBXBuildFile; fileRef = 2CCA3E782C5BAAA90034812A /* Assets.xcassets */; };
		2CCA3E942C5BC3720034812A /* SnapKit in Frameworks */ = {isa = PBXBuildFile; productRef = 2CCA3E932C5BC3720034812A /* SnapKit */; };
		2CCA3E972C5BC3850034812A /* SwiftSoup in Frameworks */ = {isa = PBXBuildFile; productRef = 2CCA3E962C5BC3850034812A /* SwiftSoup */; };
		2CCA3E9A2C5BC3F70034812A /* Lottie in Frameworks */ = {isa = PBXBuildFile; productRef = 2CCA3E992C5BC3F70034812A /* Lottie */; };
		2CCA3E9D2C5BC5FA0034812A /* Alamofire in Frameworks */ = {isa = PBXBuildFile; productRef = 2CCA3E9C2C5BC5FA0034812A /* Alamofire */; };
		2CCA3EB22C5BC85D0034812A /* Colors.xcassets in Resources */ = {isa = PBXBuildFile; fileRef = 2CCA3EB12C5BC85D0034812A /* Colors.xcassets */; };
		2CCA3EC42C5BC8F10034812A /* UIApplication+.swift in Sources */ = {isa = PBXBuildFile; fileRef = 2CCA3EB42C5BC8F00034812A /* UIApplication+.swift */; };
		2CCA3EC52C5BC8F10034812A /* Decimal+.swift in Sources */ = {isa = PBXBuildFile; fileRef = 2CCA3EB52C5BC8F00034812A /* Decimal+.swift */; };
		2CCA3EC62C5BC8F10034812A /* UIStoryboard+Extension.swift in Sources */ = {isa = PBXBuildFile; fileRef = 2CCA3EB62C5BC8F00034812A /* UIStoryboard+Extension.swift */; };
		2CCA3EC72C5BC8F10034812A /* TextField+.swift in Sources */ = {isa = PBXBuildFile; fileRef = 2CCA3EB72C5BC8F00034812A /* TextField+.swift */; };
		2CCA3EC82C5BC8F10034812A /* UIViewController+.swift in Sources */ = {isa = PBXBuildFile; fileRef = 2CCA3EB82C5BC8F00034812A /* UIViewController+.swift */; };
		2CCA3EC92C5BC8F10034812A /* String+.swift in Sources */ = {isa = PBXBuildFile; fileRef = 2CCA3EB92C5BC8F10034812A /* String+.swift */; };
		2CCA3ECA2C5BC8F10034812A /* UIView+.swift in Sources */ = {isa = PBXBuildFile; fileRef = 2CCA3EBA2C5BC8F10034812A /* UIView+.swift */; };
		2CCA3ECB2C5BC8F10034812A /* Double+.swift in Sources */ = {isa = PBXBuildFile; fileRef = 2CCA3EBB2C5BC8F10034812A /* Double+.swift */; };
		2CCA3ECC2C5BC8F10034812A /* UIColor+Extension.swift in Sources */ = {isa = PBXBuildFile; fileRef = 2CCA3EBC2C5BC8F10034812A /* UIColor+Extension.swift */; };
		2CCA3ECD2C5BC8F10034812A /* UIFont+.swift in Sources */ = {isa = PBXBuildFile; fileRef = 2CCA3EBD2C5BC8F10034812A /* UIFont+.swift */; };
		2CCA3ECE2C5BC8F10034812A /* UIWindow+.swift in Sources */ = {isa = PBXBuildFile; fileRef = 2CCA3EBE2C5BC8F10034812A /* UIWindow+.swift */; };
		2CCA3ECF2C5BC8F10034812A /* UITableView+Cells.swift in Sources */ = {isa = PBXBuildFile; fileRef = 2CCA3EBF2C5BC8F10034812A /* UITableView+Cells.swift */; };
		2CCA3ED02C5BC8F10034812A /* UIDevice+.swift in Sources */ = {isa = PBXBuildFile; fileRef = 2CCA3EC02C5BC8F10034812A /* UIDevice+.swift */; };
		2CCA3ED12C5BC8F10034812A /* Array+.swift in Sources */ = {isa = PBXBuildFile; fileRef = 2CCA3EC12C5BC8F10034812A /* Array+.swift */; };
		2CCA3ED22C5BC8F10034812A /* UICollectionView+Cells.swift in Sources */ = {isa = PBXBuildFile; fileRef = 2CCA3EC22C5BC8F10034812A /* UICollectionView+Cells.swift */; };
		2CCA3ED32C5BC8F10034812A /* Formatter+.swift in Sources */ = {isa = PBXBuildFile; fileRef = 2CCA3EC32C5BC8F10034812A /* Formatter+.swift */; };
		2CCA3ED72C5BC9180034812A /* NibLoad+Reuse.swift in Sources */ = {isa = PBXBuildFile; fileRef = 2CCA3ED52C5BC9180034812A /* NibLoad+Reuse.swift */; };
		2CCA3ED82C5BC9180034812A /* UIView+Xib.swift in Sources */ = {isa = PBXBuildFile; fileRef = 2CCA3ED62C5BC9180034812A /* UIView+Xib.swift */; };
		2CCA3EDB2C5BC9380034812A /* BaseTableViewCell.swift in Sources */ = {isa = PBXBuildFile; fileRef = 2CCA3EDA2C5BC9380034812A /* BaseTableViewCell.swift */; };
		2CCA3EDE2C5BC9540034812A /* Navigation.swift in Sources */ = {isa = PBXBuildFile; fileRef = 2CCA3EDD2C5BC9540034812A /* Navigation.swift */; };
		2CCA3EE12C5BC9810034812A /* UserDefaultsManager.swift in Sources */ = {isa = PBXBuildFile; fileRef = 2CCA3EE02C5BC9810034812A /* UserDefaultsManager.swift */; };
		2CCA3EE72C5BC9BF0034812A /* Gradient.swift in Sources */ = {isa = PBXBuildFile; fileRef = 2CCA3EE32C5BC9BE0034812A /* Gradient.swift */; };
		2CCA3EE82C5BC9BF0034812A /* Validator.swift in Sources */ = {isa = PBXBuildFile; fileRef = 2CCA3EE42C5BC9BE0034812A /* Validator.swift */; };
		2CCA3EE92C5BC9BF0034812A /* HUD.swift in Sources */ = {isa = PBXBuildFile; fileRef = 2CCA3EE52C5BC9BE0034812A /* HUD.swift */; };
		2CCA3EEA2C5BC9BF0034812A /* Localization.swift in Sources */ = {isa = PBXBuildFile; fileRef = 2CCA3EE62C5BC9BE0034812A /* Localization.swift */; };
		2CCA3EF02C5BC9FE0034812A /* allCurrenciesWithLanguages.json in Resources */ = {isa = PBXBuildFile; fileRef = 2CCA3EEC2C5BC9FE0034812A /* allCurrenciesWithLanguages.json */; };
		2CCA3EF12C5BC9FE0034812A /* loading.json in Resources */ = {isa = PBXBuildFile; fileRef = 2CCA3EED2C5BC9FE0034812A /* loading.json */; };
		2CCA3EF22C5BC9FE0034812A /* currencies.json in Resources */ = {isa = PBXBuildFile; fileRef = 2CCA3EEE2C5BC9FE0034812A /* currencies.json */; };
		2CCA3EF32C5BC9FE0034812A /* countries.json in Resources */ = {isa = PBXBuildFile; fileRef = 2CCA3EEF2C5BC9FE0034812A /* countries.json */; };
		2CCA3EFC2C5BCA750034812A /* CountriesManager.swift in Sources */ = {isa = PBXBuildFile; fileRef = 2CCA3EFA2C5BCA750034812A /* CountriesManager.swift */; };
		2CCA3EFD2C5BCA750034812A /* CurrenciesManager.swift in Sources */ = {isa = PBXBuildFile; fileRef = 2CCA3EFB2C5BCA750034812A /* CurrenciesManager.swift */; };
		2CCA3F022C5BCA970034812A /* Fuel.swift in Sources */ = {isa = PBXBuildFile; fileRef = 2CCA3EFE2C5BCA970034812A /* Fuel.swift */; };
		2CCA3F032C5BCA970034812A /* CountryModel.swift in Sources */ = {isa = PBXBuildFile; fileRef = 2CCA3EFF2C5BCA970034812A /* CountryModel.swift */; };
		2CCA3F042C5BCA970034812A /* DynamicCources.swift in Sources */ = {isa = PBXBuildFile; fileRef = 2CCA3F002C5BCA970034812A /* DynamicCources.swift */; };
		2CCA3F052C5BCA970034812A /* CurrencyData.swift in Sources */ = {isa = PBXBuildFile; fileRef = 2CCA3F012C5BCA970034812A /* CurrencyData.swift */; };
		2CCA3F082C5BCAB70034812A /* NetworkRequestProviderImpl.swift in Sources */ = {isa = PBXBuildFile; fileRef = 2CCA3F062C5BCAB70034812A /* NetworkRequestProviderImpl.swift */; };
		2CCA3F092C5BCAB70034812A /* NetworkRequestProviderMockImpl.swift in Sources */ = {isa = PBXBuildFile; fileRef = 2CCA3F072C5BCAB70034812A /* NetworkRequestProviderMockImpl.swift */; };
		2CCA3F0B2C5BCACA0034812A /* NetworkRequestProvider.swift in Sources */ = {isa = PBXBuildFile; fileRef = 2CCA3F0A2C5BCACA0034812A /* NetworkRequestProvider.swift */; };
		2CCA3F0D2C5BCADD0034812A /* NetworkService.swift in Sources */ = {isa = PBXBuildFile; fileRef = 2CCA3F0C2C5BCADD0034812A /* NetworkService.swift */; };
		2CCA3F122C5BCD500034812A /* FuelCalculatorViewController.swift in Sources */ = {isa = PBXBuildFile; fileRef = 2CCA3F0F2C5BCD500034812A /* FuelCalculatorViewController.swift */; };
		2CCA3F132C5BCD500034812A /* HTMLParser.swift in Sources */ = {isa = PBXBuildFile; fileRef = 2CCA3F102C5BCD500034812A /* HTMLParser.swift */; };
		2CCA3F142C5BCD500034812A /* FuelCalculatorViewController.xib in Resources */ = {isa = PBXBuildFile; fileRef = 2CCA3F112C5BCD500034812A /* FuelCalculatorViewController.xib */; };
		2CCA3F172C5BCD680034812A /* FuelCalculatorCell.swift in Sources */ = {isa = PBXBuildFile; fileRef = 2CCA3F162C5BCD680034812A /* FuelCalculatorCell.swift */; };
		2CCA3F1C2C5BCDA10034812A /* CurrencyListViewController.swift in Sources */ = {isa = PBXBuildFile; fileRef = 2CCA3F192C5BCDA10034812A /* CurrencyListViewController.swift */; };
		2CCA3F1E2C5BCDA10034812A /* CurrencyListViewController.xib in Resources */ = {isa = PBXBuildFile; fileRef = 2CCA3F1B2C5BCDA10034812A /* CurrencyListViewController.xib */; };
		2CCA3F212C5BCDB70034812A /* CurrencyTableViewCell.swift in Sources */ = {isa = PBXBuildFile; fileRef = 2CCA3F202C5BCDB70034812A /* CurrencyTableViewCell.swift */; };
		2CD6642A2C6CE8F300CE9EF9 /* GoogleMobileAds in Frameworks */ = {isa = PBXBuildFile; productRef = 2CD664292C6CE8F300CE9EF9 /* GoogleMobileAds */; };
		2CD6642C2C6CEA0700CE9EF9 /* DashedBorderButton.swift in Sources */ = {isa = PBXBuildFile; fileRef = 2CD6642B2C6CEA0700CE9EF9 /* DashedBorderButton.swift */; };
/* End PBXBuildFile section */

/* Begin PBXFileReference section */
		2C1BC95A2C63A12600419112 /* AppConstants.swift */ = {isa = PBXFileReference; lastKnownFileType = sourcecode.swift; path = AppConstants.swift; sourceTree = "<group>"; };
		2C40A26D2C99C7080049FBE8 /* en */ = {isa = PBXFileReference; lastKnownFileType = text.plist.strings; name = en; path = en.lproj/InfoPlist.strings; sourceTree = "<group>"; };
		2C40A26F2C99C7250049FBE8 /* be-BY */ = {isa = PBXFileReference; lastKnownFileType = text.plist.strings; name = "be-BY"; path = "be-BY.lproj/InfoPlist.strings"; sourceTree = "<group>"; };
		2C40A2702C99C7260049FBE8 /* ru */ = {isa = PBXFileReference; lastKnownFileType = text.plist.strings; name = ru; path = ru.lproj/InfoPlist.strings; sourceTree = "<group>"; };
		2C48ED8F2C8AD65200DAC3A0 /* SettingsViewController.swift */ = {isa = PBXFileReference; lastKnownFileType = sourcecode.swift; path = SettingsViewController.swift; sourceTree = "<group>"; };
		2C48ED922C8AD71F00DAC3A0 /* SettingsTableViewCell.swift */ = {isa = PBXFileReference; lastKnownFileType = sourcecode.swift; path = SettingsTableViewCell.swift; sourceTree = "<group>"; };
		2C48ED942C8ADC0000DAC3A0 /* SettingsViewController.xib */ = {isa = PBXFileReference; fileEncoding = 4; lastKnownFileType = file.xib; name = SettingsViewController.xib; path = FuelCalculator/UI/Settings/SettingsViewController.xib; sourceTree = SOURCE_ROOT; };
		2C48ED9A2C8B0A1E00DAC3A0 /* EmptyCell.swift */ = {isa = PBXFileReference; lastKnownFileType = sourcecode.swift; path = EmptyCell.swift; sourceTree = "<group>"; };
		2CA7BA9D2C6C8F4A00F6DD55 /* PrivacyInfo.xcprivacy */ = {isa = PBXFileReference; lastKnownFileType = text.xml; path = PrivacyInfo.xcprivacy; sourceTree = "<group>"; };
		2CA7BAA62C6C978500F6DD55 /* GoogleService-Info.plist */ = {isa = PBXFileReference; fileEncoding = 4; lastKnownFileType = text.plist.xml; path = "GoogleService-Info.plist"; sourceTree = "<group>"; };
		2CACC4A52C5CC3D7008FC7BC /* be-BY */ = {isa = PBXFileReference; lastKnownFileType = text.plist.strings; name = "be-BY"; path = "be-BY.lproj/Localizable.strings"; sourceTree = "<group>"; };
		2CACC4A82C5CC3DA008FC7BC /* en */ = {isa = PBXFileReference; lastKnownFileType = text.plist.strings; name = en; path = en.lproj/Localizable.strings; sourceTree = "<group>"; };
		2CACC4A92C5CC3DB008FC7BC /* ru */ = {isa = PBXFileReference; lastKnownFileType = text.plist.strings; name = ru; path = ru.lproj/Localizable.strings; sourceTree = "<group>"; };
		2CACC4AB2C5CD154008FC7BC /* MainTabBarViewController.swift */ = {isa = PBXFileReference; lastKnownFileType = sourcecode.swift; path = MainTabBarViewController.swift; sourceTree = "<group>"; };
		2CACC4AE2C5CD3CA008FC7BC /* SplashScreenViewController.swift */ = {isa = PBXFileReference; fileEncoding = 4; lastKnownFileType = sourcecode.swift; path = SplashScreenViewController.swift; sourceTree = "<group>"; };
		2CACC4AF2C5CD3CA008FC7BC /* SplashScreenViewController+extension.swift */ = {isa = PBXFileReference; fileEncoding = 4; lastKnownFileType = sourcecode.swift; path = "SplashScreenViewController+extension.swift"; sourceTree = "<group>"; };
		2CACC4B32C5CD857008FC7BC /* FuelListViewController.swift */ = {isa = PBXFileReference; lastKnownFileType = sourcecode.swift; path = FuelListViewController.swift; sourceTree = "<group>"; };
		2CACC4B62C5CDA27008FC7BC /* FuelTableViewCell.swift */ = {isa = PBXFileReference; lastKnownFileType = sourcecode.swift; path = FuelTableViewCell.swift; sourceTree = "<group>"; };
		2CACC4B82C5CE663008FC7BC /* FuelListViewController.xib */ = {isa = PBXFileReference; fileEncoding = 4; lastKnownFileType = file.xib; name = FuelListViewController.xib; path = FuelCalculator/UI/FuelListViewController/FuelListViewController.xib; sourceTree = SOURCE_ROOT; };
		2CCA3E6C2C5BAAA80034812A /* FuelCalculator.app */ = {isa = PBXFileReference; explicitFileType = wrapper.application; includeInIndex = 0; path = FuelCalculator.app; sourceTree = BUILT_PRODUCTS_DIR; };
		2CCA3E6F2C5BAAA80034812A /* AppDelegate.swift */ = {isa = PBXFileReference; lastKnownFileType = sourcecode.swift; path = AppDelegate.swift; sourceTree = "<group>"; };
		2CCA3E712C5BAAA80034812A /* SceneDelegate.swift */ = {isa = PBXFileReference; lastKnownFileType = sourcecode.swift; path = SceneDelegate.swift; sourceTree = "<group>"; };
		2CCA3E732C5BAAA80034812A /* ViewController.swift */ = {isa = PBXFileReference; lastKnownFileType = sourcecode.swift; path = ViewController.swift; sourceTree = "<group>"; };
		2CCA3E782C5BAAA90034812A /* Assets.xcassets */ = {isa = PBXFileReference; lastKnownFileType = folder.assetcatalog; path = Assets.xcassets; sourceTree = "<group>"; };
		2CCA3E7D2C5BAAA90034812A /* Info.plist */ = {isa = PBXFileReference; lastKnownFileType = text.plist.xml; path = Info.plist; sourceTree = "<group>"; };
		2CCA3EB12C5BC85D0034812A /* Colors.xcassets */ = {isa = PBXFileReference; lastKnownFileType = folder.assetcatalog; path = Colors.xcassets; sourceTree = "<group>"; };
		2CCA3EB42C5BC8F00034812A /* UIApplication+.swift */ = {isa = PBXFileReference; fileEncoding = 4; lastKnownFileType = sourcecode.swift; path = "UIApplication+.swift"; sourceTree = "<group>"; };
		2CCA3EB52C5BC8F00034812A /* Decimal+.swift */ = {isa = PBXFileReference; fileEncoding = 4; lastKnownFileType = sourcecode.swift; path = "Decimal+.swift"; sourceTree = "<group>"; };
		2CCA3EB62C5BC8F00034812A /* UIStoryboard+Extension.swift */ = {isa = PBXFileReference; fileEncoding = 4; lastKnownFileType = sourcecode.swift; path = "UIStoryboard+Extension.swift"; sourceTree = "<group>"; };
		2CCA3EB72C5BC8F00034812A /* TextField+.swift */ = {isa = PBXFileReference; fileEncoding = 4; lastKnownFileType = sourcecode.swift; path = "TextField+.swift"; sourceTree = "<group>"; };
		2CCA3EB82C5BC8F00034812A /* UIViewController+.swift */ = {isa = PBXFileReference; fileEncoding = 4; lastKnownFileType = sourcecode.swift; path = "UIViewController+.swift"; sourceTree = "<group>"; };
		2CCA3EB92C5BC8F10034812A /* String+.swift */ = {isa = PBXFileReference; fileEncoding = 4; lastKnownFileType = sourcecode.swift; path = "String+.swift"; sourceTree = "<group>"; };
		2CCA3EBA2C5BC8F10034812A /* UIView+.swift */ = {isa = PBXFileReference; fileEncoding = 4; lastKnownFileType = sourcecode.swift; path = "UIView+.swift"; sourceTree = "<group>"; };
		2CCA3EBB2C5BC8F10034812A /* Double+.swift */ = {isa = PBXFileReference; fileEncoding = 4; lastKnownFileType = sourcecode.swift; path = "Double+.swift"; sourceTree = "<group>"; };
		2CCA3EBC2C5BC8F10034812A /* UIColor+Extension.swift */ = {isa = PBXFileReference; fileEncoding = 4; lastKnownFileType = sourcecode.swift; path = "UIColor+Extension.swift"; sourceTree = "<group>"; };
		2CCA3EBD2C5BC8F10034812A /* UIFont+.swift */ = {isa = PBXFileReference; fileEncoding = 4; lastKnownFileType = sourcecode.swift; path = "UIFont+.swift"; sourceTree = "<group>"; };
		2CCA3EBE2C5BC8F10034812A /* UIWindow+.swift */ = {isa = PBXFileReference; fileEncoding = 4; lastKnownFileType = sourcecode.swift; path = "UIWindow+.swift"; sourceTree = "<group>"; };
		2CCA3EBF2C5BC8F10034812A /* UITableView+Cells.swift */ = {isa = PBXFileReference; fileEncoding = 4; lastKnownFileType = sourcecode.swift; path = "UITableView+Cells.swift"; sourceTree = "<group>"; };
		2CCA3EC02C5BC8F10034812A /* UIDevice+.swift */ = {isa = PBXFileReference; fileEncoding = 4; lastKnownFileType = sourcecode.swift; path = "UIDevice+.swift"; sourceTree = "<group>"; };
		2CCA3EC12C5BC8F10034812A /* Array+.swift */ = {isa = PBXFileReference; fileEncoding = 4; lastKnownFileType = sourcecode.swift; path = "Array+.swift"; sourceTree = "<group>"; };
		2CCA3EC22C5BC8F10034812A /* UICollectionView+Cells.swift */ = {isa = PBXFileReference; fileEncoding = 4; lastKnownFileType = sourcecode.swift; path = "UICollectionView+Cells.swift"; sourceTree = "<group>"; };
		2CCA3EC32C5BC8F10034812A /* Formatter+.swift */ = {isa = PBXFileReference; fileEncoding = 4; lastKnownFileType = sourcecode.swift; path = "Formatter+.swift"; sourceTree = "<group>"; };
		2CCA3ED52C5BC9180034812A /* NibLoad+Reuse.swift */ = {isa = PBXFileReference; fileEncoding = 4; lastKnownFileType = sourcecode.swift; path = "NibLoad+Reuse.swift"; sourceTree = "<group>"; };
		2CCA3ED62C5BC9180034812A /* UIView+Xib.swift */ = {isa = PBXFileReference; fileEncoding = 4; lastKnownFileType = sourcecode.swift; path = "UIView+Xib.swift"; sourceTree = "<group>"; };
		2CCA3EDA2C5BC9380034812A /* BaseTableViewCell.swift */ = {isa = PBXFileReference; lastKnownFileType = sourcecode.swift; path = BaseTableViewCell.swift; sourceTree = "<group>"; };
		2CCA3EDD2C5BC9540034812A /* Navigation.swift */ = {isa = PBXFileReference; lastKnownFileType = sourcecode.swift; path = Navigation.swift; sourceTree = "<group>"; };
		2CCA3EE02C5BC9810034812A /* UserDefaultsManager.swift */ = {isa = PBXFileReference; lastKnownFileType = sourcecode.swift; path = UserDefaultsManager.swift; sourceTree = "<group>"; };
		2CCA3EE32C5BC9BE0034812A /* Gradient.swift */ = {isa = PBXFileReference; fileEncoding = 4; lastKnownFileType = sourcecode.swift; path = Gradient.swift; sourceTree = "<group>"; };
		2CCA3EE42C5BC9BE0034812A /* Validator.swift */ = {isa = PBXFileReference; fileEncoding = 4; lastKnownFileType = sourcecode.swift; path = Validator.swift; sourceTree = "<group>"; };
		2CCA3EE52C5BC9BE0034812A /* HUD.swift */ = {isa = PBXFileReference; fileEncoding = 4; lastKnownFileType = sourcecode.swift; path = HUD.swift; sourceTree = "<group>"; };
		2CCA3EE62C5BC9BE0034812A /* Localization.swift */ = {isa = PBXFileReference; fileEncoding = 4; lastKnownFileType = sourcecode.swift; path = Localization.swift; sourceTree = "<group>"; };
		2CCA3EEC2C5BC9FE0034812A /* allCurrenciesWithLanguages.json */ = {isa = PBXFileReference; fileEncoding = 4; lastKnownFileType = text.json; path = allCurrenciesWithLanguages.json; sourceTree = "<group>"; };
		2CCA3EED2C5BC9FE0034812A /* loading.json */ = {isa = PBXFileReference; fileEncoding = 4; lastKnownFileType = text.json; path = loading.json; sourceTree = "<group>"; };
		2CCA3EEE2C5BC9FE0034812A /* currencies.json */ = {isa = PBXFileReference; fileEncoding = 4; lastKnownFileType = text.json; path = currencies.json; sourceTree = "<group>"; };
		2CCA3EEF2C5BC9FE0034812A /* countries.json */ = {isa = PBXFileReference; fileEncoding = 4; lastKnownFileType = text.json; path = countries.json; sourceTree = "<group>"; };
		2CCA3EFA2C5BCA750034812A /* CountriesManager.swift */ = {isa = PBXFileReference; fileEncoding = 4; lastKnownFileType = sourcecode.swift; path = CountriesManager.swift; sourceTree = "<group>"; };
		2CCA3EFB2C5BCA750034812A /* CurrenciesManager.swift */ = {isa = PBXFileReference; fileEncoding = 4; lastKnownFileType = sourcecode.swift; path = CurrenciesManager.swift; sourceTree = "<group>"; };
		2CCA3EFE2C5BCA970034812A /* Fuel.swift */ = {isa = PBXFileReference; fileEncoding = 4; lastKnownFileType = sourcecode.swift; path = Fuel.swift; sourceTree = "<group>"; };
		2CCA3EFF2C5BCA970034812A /* CountryModel.swift */ = {isa = PBXFileReference; fileEncoding = 4; lastKnownFileType = sourcecode.swift; path = CountryModel.swift; sourceTree = "<group>"; };
		2CCA3F002C5BCA970034812A /* DynamicCources.swift */ = {isa = PBXFileReference; fileEncoding = 4; lastKnownFileType = sourcecode.swift; path = DynamicCources.swift; sourceTree = "<group>"; };
		2CCA3F012C5BCA970034812A /* CurrencyData.swift */ = {isa = PBXFileReference; fileEncoding = 4; lastKnownFileType = sourcecode.swift; path = CurrencyData.swift; sourceTree = "<group>"; };
		2CCA3F062C5BCAB70034812A /* NetworkRequestProviderImpl.swift */ = {isa = PBXFileReference; fileEncoding = 4; lastKnownFileType = sourcecode.swift; path = NetworkRequestProviderImpl.swift; sourceTree = "<group>"; };
		2CCA3F072C5BCAB70034812A /* NetworkRequestProviderMockImpl.swift */ = {isa = PBXFileReference; fileEncoding = 4; lastKnownFileType = sourcecode.swift; path = NetworkRequestProviderMockImpl.swift; sourceTree = "<group>"; };
		2CCA3F0A2C5BCACA0034812A /* NetworkRequestProvider.swift */ = {isa = PBXFileReference; fileEncoding = 4; lastKnownFileType = sourcecode.swift; path = NetworkRequestProvider.swift; sourceTree = "<group>"; };
		2CCA3F0C2C5BCADD0034812A /* NetworkService.swift */ = {isa = PBXFileReference; fileEncoding = 4; lastKnownFileType = sourcecode.swift; path = NetworkService.swift; sourceTree = "<group>"; };
		2CCA3F0F2C5BCD500034812A /* FuelCalculatorViewController.swift */ = {isa = PBXFileReference; fileEncoding = 4; lastKnownFileType = sourcecode.swift; path = FuelCalculatorViewController.swift; sourceTree = "<group>"; };
		2CCA3F102C5BCD500034812A /* HTMLParser.swift */ = {isa = PBXFileReference; fileEncoding = 4; lastKnownFileType = sourcecode.swift; path = HTMLParser.swift; sourceTree = "<group>"; };
		2CCA3F112C5BCD500034812A /* FuelCalculatorViewController.xib */ = {isa = PBXFileReference; fileEncoding = 4; lastKnownFileType = file.xib; path = FuelCalculatorViewController.xib; sourceTree = "<group>"; };
		2CCA3F162C5BCD680034812A /* FuelCalculatorCell.swift */ = {isa = PBXFileReference; fileEncoding = 4; lastKnownFileType = sourcecode.swift; path = FuelCalculatorCell.swift; sourceTree = "<group>"; };
		2CCA3F192C5BCDA10034812A /* CurrencyListViewController.swift */ = {isa = PBXFileReference; fileEncoding = 4; lastKnownFileType = sourcecode.swift; path = CurrencyListViewController.swift; sourceTree = "<group>"; };
		2CCA3F1B2C5BCDA10034812A /* CurrencyListViewController.xib */ = {isa = PBXFileReference; fileEncoding = 4; lastKnownFileType = file.xib; path = CurrencyListViewController.xib; sourceTree = "<group>"; };
		2CCA3F202C5BCDB70034812A /* CurrencyTableViewCell.swift */ = {isa = PBXFileReference; fileEncoding = 4; lastKnownFileType = sourcecode.swift; path = CurrencyTableViewCell.swift; sourceTree = "<group>"; };
		2CD6642B2C6CEA0700CE9EF9 /* DashedBorderButton.swift */ = {isa = PBXFileReference; lastKnownFileType = sourcecode.swift; path = DashedBorderButton.swift; sourceTree = "<group>"; };
/* End PBXFileReference section */

/* Begin PBXFrameworksBuildPhase section */
		2CCA3E692C5BAAA80034812A /* Frameworks */ = {
			isa = PBXFrameworksBuildPhase;
			buildActionMask = 2147483647;
			files = (
				2CD6642A2C6CE8F300CE9EF9 /* GoogleMobileAds in Frameworks */,
				2CCA3E942C5BC3720034812A /* SnapKit in Frameworks */,
				2CCA3E9D2C5BC5FA0034812A /* Alamofire in Frameworks */,
				2CCA3E972C5BC3850034812A /* SwiftSoup in Frameworks */,
				2CA7BAA52C6C938500F6DD55 /* FirebaseAnalytics in Frameworks */,
				2CCA3E9A2C5BC3F70034812A /* Lottie in Frameworks */,
			);
			runOnlyForDeploymentPostprocessing = 0;
		};
/* End PBXFrameworksBuildPhase section */

/* Begin PBXGroup section */
		2C1BC9592C63A11800419112 /* AppConstants */ = {
			isa = PBXGroup;
			children = (
				2C1BC95A2C63A12600419112 /* AppConstants.swift */,
			);
			path = AppConstants;
			sourceTree = "<group>";
		};
		2C48ED8E2C8AD64500DAC3A0 /* Settings */ = {
			isa = PBXGroup;
			children = (
				2C48ED912C8AD70B00DAC3A0 /* Cell */,
				2C48ED8F2C8AD65200DAC3A0 /* SettingsViewController.swift */,
			);
			path = Settings;
			sourceTree = "<group>";
		};
		2C48ED912C8AD70B00DAC3A0 /* Cell */ = {
			isa = PBXGroup;
			children = (
				2C48ED922C8AD71F00DAC3A0 /* SettingsTableViewCell.swift */,
				2C48ED942C8ADC0000DAC3A0 /* SettingsViewController.xib */,
				2C48ED9A2C8B0A1E00DAC3A0 /* EmptyCell.swift */,
			);
			path = Cell;
			sourceTree = "<group>";
		};
		2CA7BAA32C6C938500F6DD55 /* Frameworks */ = {
			isa = PBXGroup;
			children = (
			);
			name = Frameworks;
			sourceTree = "<group>";
		};
		2CACC4AA2C5CD13C008FC7BC /* TabBar */ = {
			isa = PBXGroup;
			children = (
				2CACC4AB2C5CD154008FC7BC /* MainTabBarViewController.swift */,
			);
			path = TabBar;
			sourceTree = "<group>";
		};
		2CACC4AD2C5CD3B1008FC7BC /* SplashScreen */ = {
			isa = PBXGroup;
			children = (
				2CACC4AE2C5CD3CA008FC7BC /* SplashScreenViewController.swift */,
				2CACC4AF2C5CD3CA008FC7BC /* SplashScreenViewController+extension.swift */,
			);
			path = SplashScreen;
			sourceTree = "<group>";
		};
		2CACC4B22C5CD83F008FC7BC /* FuelListViewController */ = {
			isa = PBXGroup;
			children = (
				2CACC4B52C5CDA1A008FC7BC /* Cell */,
				2CACC4B32C5CD857008FC7BC /* FuelListViewController.swift */,
			);
			path = FuelListViewController;
			sourceTree = "<group>";
		};
		2CACC4B52C5CDA1A008FC7BC /* Cell */ = {
			isa = PBXGroup;
			children = (
				2CACC4B62C5CDA27008FC7BC /* FuelTableViewCell.swift */,
				2CACC4B82C5CE663008FC7BC /* FuelListViewController.xib */,
			);
			path = Cell;
			sourceTree = "<group>";
		};
		2CCA3E632C5BAAA80034812A = {
			isa = PBXGroup;
			children = (
				2CCA3E6E2C5BAAA80034812A /* FuelCalculator */,
				2CCA3E6D2C5BAAA80034812A /* Products */,
				2CA7BAA32C6C938500F6DD55 /* Frameworks */,
			);
			sourceTree = "<group>";
		};
		2CCA3E6D2C5BAAA80034812A /* Products */ = {
			isa = PBXGroup;
			children = (
				2CCA3E6C2C5BAAA80034812A /* FuelCalculator.app */,
			);
			name = Products;
			sourceTree = "<group>";
		};
		2CCA3E6E2C5BAAA80034812A /* FuelCalculator */ = {
			isa = PBXGroup;
			children = (
				2C1BC9592C63A11800419112 /* AppConstants */,
				2CCA3EF42C5BCA0D0034812A /* Network */,
				2CCA3EEB2C5BC9D20034812A /* JsonFiles */,
				2CCA3EE22C5BC99E0034812A /* Helpers */,
				2CCA3EDF2C5BC9760034812A /* Managers */,
				2CCA3ED92C5BC92B0034812A /* Components */,
				2CCA3EDC2C5BC94F0034812A /* Navigation */,
				2CCA3EB32C5BC8A80034812A /* Extensions */,
				2CCA3EA42C5BC71E0034812A /* SupportingFiles */,
				2CCA3EA62C5BC7320034812A /* UI */,
				2CCA3E6F2C5BAAA80034812A /* AppDelegate.swift */,
				2CCA3E712C5BAAA80034812A /* SceneDelegate.swift */,
				2CCA3E732C5BAAA80034812A /* ViewController.swift */,
				2CCA3E7D2C5BAAA90034812A /* Info.plist */,
				2CA7BA9D2C6C8F4A00F6DD55 /* PrivacyInfo.xcprivacy */,
				2CA7BAA62C6C978500F6DD55 /* GoogleService-Info.plist */,
				2C40A26C2C99C7080049FBE8 /* InfoPlist.strings */,
			);
			path = FuelCalculator;
			sourceTree = "<group>";
		};
		2CCA3EA42C5BC71E0034812A /* SupportingFiles */ = {
			isa = PBXGroup;
			children = (
				2CACC4A62C5CC3D7008FC7BC /* Localizable.strings */,
				2CCA3E782C5BAAA90034812A /* Assets.xcassets */,
				2CCA3EB12C5BC85D0034812A /* Colors.xcassets */,
			);
			path = SupportingFiles;
			sourceTree = "<group>";
		};
		2CCA3EA62C5BC7320034812A /* UI */ = {
			isa = PBXGroup;
			children = (
				2C48ED8E2C8AD64500DAC3A0 /* Settings */,
				2CACC4B22C5CD83F008FC7BC /* FuelListViewController */,
				2CACC4AD2C5CD3B1008FC7BC /* SplashScreen */,
				2CACC4AA2C5CD13C008FC7BC /* TabBar */,
				2CCA3F182C5BCD870034812A /* CurrencyListViewController */,
				2CCA3F0E2C5BCD290034812A /* FuelCalculatorViewController */,
			);
			path = UI;
			sourceTree = "<group>";
		};
		2CCA3EB32C5BC8A80034812A /* Extensions */ = {
			isa = PBXGroup;
			children = (
				2CCA3ED42C5BC8FE0034812A /* UIKit+Tools */,
				2CCA3EC12C5BC8F10034812A /* Array+.swift */,
				2CCA3EB52C5BC8F00034812A /* Decimal+.swift */,
				2CCA3EBB2C5BC8F10034812A /* Double+.swift */,
				2CCA3EC32C5BC8F10034812A /* Formatter+.swift */,
				2CCA3EB92C5BC8F10034812A /* String+.swift */,
				2CCA3EB72C5BC8F00034812A /* TextField+.swift */,
				2CCA3EB42C5BC8F00034812A /* UIApplication+.swift */,
				2CCA3EC22C5BC8F10034812A /* UICollectionView+Cells.swift */,
				2CCA3EBC2C5BC8F10034812A /* UIColor+Extension.swift */,
				2CCA3EC02C5BC8F10034812A /* UIDevice+.swift */,
				2CCA3EBD2C5BC8F10034812A /* UIFont+.swift */,
				2CCA3EB62C5BC8F00034812A /* UIStoryboard+Extension.swift */,
				2CCA3EBF2C5BC8F10034812A /* UITableView+Cells.swift */,
				2CCA3EBA2C5BC8F10034812A /* UIView+.swift */,
				2CCA3EB82C5BC8F00034812A /* UIViewController+.swift */,
				2CCA3EBE2C5BC8F10034812A /* UIWindow+.swift */,
			);
			path = Extensions;
			sourceTree = "<group>";
		};
		2CCA3ED42C5BC8FE0034812A /* UIKit+Tools */ = {
			isa = PBXGroup;
			children = (
				2CCA3ED52C5BC9180034812A /* NibLoad+Reuse.swift */,
				2CCA3ED62C5BC9180034812A /* UIView+Xib.swift */,
			);
			path = "UIKit+Tools";
			sourceTree = "<group>";
		};
		2CCA3ED92C5BC92B0034812A /* Components */ = {
			isa = PBXGroup;
			children = (
				2CCA3EDA2C5BC9380034812A /* BaseTableViewCell.swift */,
				2CD6642B2C6CEA0700CE9EF9 /* DashedBorderButton.swift */,
			);
			path = Components;
			sourceTree = "<group>";
		};
		2CCA3EDC2C5BC94F0034812A /* Navigation */ = {
			isa = PBXGroup;
			children = (
				2CCA3EDD2C5BC9540034812A /* Navigation.swift */,
			);
			path = Navigation;
			sourceTree = "<group>";
		};
		2CCA3EDF2C5BC9760034812A /* Managers */ = {
			isa = PBXGroup;
			children = (
				2CCA3EE02C5BC9810034812A /* UserDefaultsManager.swift */,
			);
			path = Managers;
			sourceTree = "<group>";
		};
		2CCA3EE22C5BC99E0034812A /* Helpers */ = {
			isa = PBXGroup;
			children = (
				2CCA3EE32C5BC9BE0034812A /* Gradient.swift */,
				2CCA3EE52C5BC9BE0034812A /* HUD.swift */,
				2CCA3EE62C5BC9BE0034812A /* Localization.swift */,
				2CCA3EE42C5BC9BE0034812A /* Validator.swift */,
			);
			path = Helpers;
			sourceTree = "<group>";
		};
		2CCA3EEB2C5BC9D20034812A /* JsonFiles */ = {
			isa = PBXGroup;
			children = (
				2CCA3EEC2C5BC9FE0034812A /* allCurrenciesWithLanguages.json */,
				2CCA3EEF2C5BC9FE0034812A /* countries.json */,
				2CCA3EEE2C5BC9FE0034812A /* currencies.json */,
				2CCA3EED2C5BC9FE0034812A /* loading.json */,
			);
			path = JsonFiles;
			sourceTree = "<group>";
		};
		2CCA3EF42C5BCA0D0034812A /* Network */ = {
			isa = PBXGroup;
			children = (
				2CCA3EF92C5BCA500034812A /* Services */,
				2CCA3EF82C5BCA400034812A /* ProtocolsImpl */,
				2CCA3EF72C5BCA350034812A /* Protocols */,
				2CCA3EF62C5BCA2D0034812A /* Models */,
				2CCA3EF52C5BCA190034812A /* Managers */,
			);
			path = Network;
			sourceTree = "<group>";
		};
		2CCA3EF52C5BCA190034812A /* Managers */ = {
			isa = PBXGroup;
			children = (
				2CCA3EFA2C5BCA750034812A /* CountriesManager.swift */,
				2CCA3EFB2C5BCA750034812A /* CurrenciesManager.swift */,
			);
			path = Managers;
			sourceTree = "<group>";
		};
		2CCA3EF62C5BCA2D0034812A /* Models */ = {
			isa = PBXGroup;
			children = (
				2CCA3EFF2C5BCA970034812A /* CountryModel.swift */,
				2CCA3F012C5BCA970034812A /* CurrencyData.swift */,
				2CCA3F002C5BCA970034812A /* DynamicCources.swift */,
				2CCA3EFE2C5BCA970034812A /* Fuel.swift */,
			);
			path = Models;
			sourceTree = "<group>";
		};
		2CCA3EF72C5BCA350034812A /* Protocols */ = {
			isa = PBXGroup;
			children = (
				2CCA3F0A2C5BCACA0034812A /* NetworkRequestProvider.swift */,
			);
			path = Protocols;
			sourceTree = "<group>";
		};
		2CCA3EF82C5BCA400034812A /* ProtocolsImpl */ = {
			isa = PBXGroup;
			children = (
				2CCA3F062C5BCAB70034812A /* NetworkRequestProviderImpl.swift */,
				2CCA3F072C5BCAB70034812A /* NetworkRequestProviderMockImpl.swift */,
			);
			path = ProtocolsImpl;
			sourceTree = "<group>";
		};
		2CCA3EF92C5BCA500034812A /* Services */ = {
			isa = PBXGroup;
			children = (
				2CCA3F0C2C5BCADD0034812A /* NetworkService.swift */,
			);
			path = Services;
			sourceTree = "<group>";
		};
		2CCA3F0E2C5BCD290034812A /* FuelCalculatorViewController */ = {
			isa = PBXGroup;
			children = (
				2CCA3F152C5BCD550034812A /* Cell */,
				2CCA3F0F2C5BCD500034812A /* FuelCalculatorViewController.swift */,
				2CCA3F112C5BCD500034812A /* FuelCalculatorViewController.xib */,
				2CCA3F102C5BCD500034812A /* HTMLParser.swift */,
			);
			path = FuelCalculatorViewController;
			sourceTree = "<group>";
		};
		2CCA3F152C5BCD550034812A /* Cell */ = {
			isa = PBXGroup;
			children = (
				2CCA3F162C5BCD680034812A /* FuelCalculatorCell.swift */,
			);
			path = Cell;
			sourceTree = "<group>";
		};
		2CCA3F182C5BCD870034812A /* CurrencyListViewController */ = {
			isa = PBXGroup;
			children = (
				2CCA3F1F2C5BCDA50034812A /* Cell */,
				2CCA3F192C5BCDA10034812A /* CurrencyListViewController.swift */,
				2CCA3F1B2C5BCDA10034812A /* CurrencyListViewController.xib */,
			);
			path = CurrencyListViewController;
			sourceTree = "<group>";
		};
		2CCA3F1F2C5BCDA50034812A /* Cell */ = {
			isa = PBXGroup;
			children = (
				2CCA3F202C5BCDB70034812A /* CurrencyTableViewCell.swift */,
			);
			path = Cell;
			sourceTree = "<group>";
		};
/* End PBXGroup section */

/* Begin PBXNativeTarget section */
		2CCA3E6B2C5BAAA80034812A /* FuelCalculator */ = {
			isa = PBXNativeTarget;
			buildConfigurationList = 2CCA3E802C5BAAA90034812A /* Build configuration list for PBXNativeTarget "FuelCalculator" */;
			buildPhases = (
				2CCA3E682C5BAAA80034812A /* Sources */,
				2CCA3E692C5BAAA80034812A /* Frameworks */,
				2CCA3E6A2C5BAAA80034812A /* Resources */,
			);
			buildRules = (
			);
			dependencies = (
			);
			name = FuelCalculator;
			packageProductDependencies = (
				2CCA3E932C5BC3720034812A /* SnapKit */,
				2CCA3E962C5BC3850034812A /* SwiftSoup */,
				2CCA3E992C5BC3F70034812A /* Lottie */,
				2CCA3E9C2C5BC5FA0034812A /* Alamofire */,
				2CA7BAA42C6C938500F6DD55 /* FirebaseAnalytics */,
				2CD664292C6CE8F300CE9EF9 /* GoogleMobileAds */,
			);
			productName = FuelCalculator;
			productReference = 2CCA3E6C2C5BAAA80034812A /* FuelCalculator.app */;
			productType = "com.apple.product-type.application";
		};
/* End PBXNativeTarget section */

/* Begin PBXProject section */
		2CCA3E642C5BAAA80034812A /* Project object */ = {
			isa = PBXProject;
			attributes = {
				BuildIndependentTargetsInParallel = 1;
				LastSwiftUpdateCheck = 1540;
				LastUpgradeCheck = 1540;
				TargetAttributes = {
					2CCA3E6B2C5BAAA80034812A = {
						CreatedOnToolsVersion = 15.4;
					};
				};
			};
			buildConfigurationList = 2CCA3E672C5BAAA80034812A /* Build configuration list for PBXProject "FuelCalculator" */;
			compatibilityVersion = "Xcode 14.0";
			developmentRegion = en;
			hasScannedForEncodings = 0;
			knownRegions = (
				en,
				Base,
				ru,
				"be-BY",
			);
			mainGroup = 2CCA3E632C5BAAA80034812A;
			packageReferences = (
				2CCA3E922C5BC3720034812A /* XCRemoteSwiftPackageReference "SnapKit" */,
				2CCA3E952C5BC3850034812A /* XCRemoteSwiftPackageReference "SwiftSoup" */,
				2CCA3E982C5BC3F70034812A /* XCRemoteSwiftPackageReference "lottie-spm" */,
				2CCA3E9B2C5BC5FA0034812A /* XCRemoteSwiftPackageReference "Alamofire" */,
				2CA7BAA02C6C927700F6DD55 /* XCRemoteSwiftPackageReference "firebase-ios-sdk" */,
				2CD664282C6CE8F300CE9EF9 /* XCRemoteSwiftPackageReference "swift-package-manager-google-mobile-ads" */,
			);
			productRefGroup = 2CCA3E6D2C5BAAA80034812A /* Products */;
			projectDirPath = "";
			projectRoot = "";
			targets = (
				2CCA3E6B2C5BAAA80034812A /* FuelCalculator */,
			);
		};
/* End PBXProject section */

/* Begin PBXResourcesBuildPhase section */
		2CCA3E6A2C5BAAA80034812A /* Resources */ = {
			isa = PBXResourcesBuildPhase;
			buildActionMask = 2147483647;
			files = (
				2CCA3F142C5BCD500034812A /* FuelCalculatorViewController.xib in Resources */,
				2CCA3F1E2C5BCDA10034812A /* CurrencyListViewController.xib in Resources */,
				2CACC4B92C5CE663008FC7BC /* FuelListViewController.xib in Resources */,
				2C40A26E2C99C7080049FBE8 /* InfoPlist.strings in Resources */,
				2CCA3EF02C5BC9FE0034812A /* allCurrenciesWithLanguages.json in Resources */,
				2CCA3EF12C5BC9FE0034812A /* loading.json in Resources */,
				2CACC4A72C5CC3D7008FC7BC /* Localizable.strings in Resources */,
				2CCA3EF22C5BC9FE0034812A /* currencies.json in Resources */,
				2C48ED952C8ADC0000DAC3A0 /* SettingsViewController.xib in Resources */,
				2CCA3EB22C5BC85D0034812A /* Colors.xcassets in Resources */,
				2CA7BAA72C6C978500F6DD55 /* GoogleService-Info.plist in Resources */,
				2CCA3E792C5BAAA90034812A /* Assets.xcassets in Resources */,
				2CCA3EF32C5BC9FE0034812A /* countries.json in Resources */,
			);
			runOnlyForDeploymentPostprocessing = 0;
		};
/* End PBXResourcesBuildPhase section */

/* Begin PBXSourcesBuildPhase section */
		2CCA3E682C5BAAA80034812A /* Sources */ = {
			isa = PBXSourcesBuildPhase;
			buildActionMask = 2147483647;
			files = (
				2CCA3ECD2C5BC8F10034812A /* UIFont+.swift in Sources */,
				2CCA3F022C5BCA970034812A /* Fuel.swift in Sources */,
				2CCA3ECE2C5BC8F10034812A /* UIWindow+.swift in Sources */,
				2CCA3EFD2C5BCA750034812A /* CurrenciesManager.swift in Sources */,
				2CCA3EEA2C5BC9BF0034812A /* Localization.swift in Sources */,
				2CCA3F082C5BCAB70034812A /* NetworkRequestProviderImpl.swift in Sources */,
				2CCA3EC42C5BC8F10034812A /* UIApplication+.swift in Sources */,
				2CCA3F052C5BCA970034812A /* CurrencyData.swift in Sources */,
				2CCA3ED02C5BC8F10034812A /* UIDevice+.swift in Sources */,
				2CCA3EE82C5BC9BF0034812A /* Validator.swift in Sources */,
				2CD6642C2C6CEA0700CE9EF9 /* DashedBorderButton.swift in Sources */,
				2CCA3ED22C5BC8F10034812A /* UICollectionView+Cells.swift in Sources */,
				2CACC4B12C5CD3CA008FC7BC /* SplashScreenViewController+extension.swift in Sources */,
				2CCA3ED82C5BC9180034812A /* UIView+Xib.swift in Sources */,
				2CCA3EC92C5BC8F10034812A /* String+.swift in Sources */,
				2CCA3EC72C5BC8F10034812A /* TextField+.swift in Sources */,
				2CCA3ECC2C5BC8F10034812A /* UIColor+Extension.swift in Sources */,
				2CCA3F212C5BCDB70034812A /* CurrencyTableViewCell.swift in Sources */,
				2C48ED932C8AD71F00DAC3A0 /* SettingsTableViewCell.swift in Sources */,
				2CACC4B72C5CDA27008FC7BC /* FuelTableViewCell.swift in Sources */,
				2CCA3EC82C5BC8F10034812A /* UIViewController+.swift in Sources */,
				2CCA3ED32C5BC8F10034812A /* Formatter+.swift in Sources */,
				2CCA3F092C5BCAB70034812A /* NetworkRequestProviderMockImpl.swift in Sources */,
				2CCA3F042C5BCA970034812A /* DynamicCources.swift in Sources */,
				2CCA3ED72C5BC9180034812A /* NibLoad+Reuse.swift in Sources */,
				2CCA3ECB2C5BC8F10034812A /* Double+.swift in Sources */,
				2CCA3ECA2C5BC8F10034812A /* UIView+.swift in Sources */,
				2CCA3F1C2C5BCDA10034812A /* CurrencyListViewController.swift in Sources */,
				2CCA3F172C5BCD680034812A /* FuelCalculatorCell.swift in Sources */,
				2CACC4AC2C5CD154008FC7BC /* MainTabBarViewController.swift in Sources */,
				2C48ED902C8AD65200DAC3A0 /* SettingsViewController.swift in Sources */,
				2CCA3F032C5BCA970034812A /* CountryModel.swift in Sources */,
				2CCA3EE92C5BC9BF0034812A /* HUD.swift in Sources */,
				2CCA3EE12C5BC9810034812A /* UserDefaultsManager.swift in Sources */,
				2CCA3EE72C5BC9BF0034812A /* Gradient.swift in Sources */,
				2C1BC95B2C63A12600419112 /* AppConstants.swift in Sources */,
				2CCA3E742C5BAAA80034812A /* ViewController.swift in Sources */,
				2CCA3EC62C5BC8F10034812A /* UIStoryboard+Extension.swift in Sources */,
				2CCA3F122C5BCD500034812A /* FuelCalculatorViewController.swift in Sources */,
				2CCA3F132C5BCD500034812A /* HTMLParser.swift in Sources */,
				2CCA3EDB2C5BC9380034812A /* BaseTableViewCell.swift in Sources */,
				2CCA3EDE2C5BC9540034812A /* Navigation.swift in Sources */,
				2CCA3ECF2C5BC8F10034812A /* UITableView+Cells.swift in Sources */,
				2CACC4B42C5CD857008FC7BC /* FuelListViewController.swift in Sources */,
				2CCA3ED12C5BC8F10034812A /* Array+.swift in Sources */,
				2CACC4B02C5CD3CA008FC7BC /* SplashScreenViewController.swift in Sources */,
				2CCA3F0B2C5BCACA0034812A /* NetworkRequestProvider.swift in Sources */,
				2CCA3EFC2C5BCA750034812A /* CountriesManager.swift in Sources */,
				2CCA3F0D2C5BCADD0034812A /* NetworkService.swift in Sources */,
				2C48ED9B2C8B0A1E00DAC3A0 /* EmptyCell.swift in Sources */,
				2CCA3E702C5BAAA80034812A /* AppDelegate.swift in Sources */,
				2CCA3E722C5BAAA80034812A /* SceneDelegate.swift in Sources */,
				2CCA3EC52C5BC8F10034812A /* Decimal+.swift in Sources */,
			);
			runOnlyForDeploymentPostprocessing = 0;
		};
/* End PBXSourcesBuildPhase section */

/* Begin PBXVariantGroup section */
		2C40A26C2C99C7080049FBE8 /* InfoPlist.strings */ = {
			isa = PBXVariantGroup;
			children = (
				2C40A26D2C99C7080049FBE8 /* en */,
				2C40A26F2C99C7250049FBE8 /* be-BY */,
				2C40A2702C99C7260049FBE8 /* ru */,
			);
			name = InfoPlist.strings;
			sourceTree = "<group>";
		};
		2CACC4A62C5CC3D7008FC7BC /* Localizable.strings */ = {
			isa = PBXVariantGroup;
			children = (
				2CACC4A52C5CC3D7008FC7BC /* be-BY */,
				2CACC4A82C5CC3DA008FC7BC /* en */,
				2CACC4A92C5CC3DB008FC7BC /* ru */,
			);
			name = Localizable.strings;
			sourceTree = "<group>";
		};
/* End PBXVariantGroup section */

/* Begin XCBuildConfiguration section */
		2CCA3E7E2C5BAAA90034812A /* Debug */ = {
			isa = XCBuildConfiguration;
			buildSettings = {
				ALWAYS_SEARCH_USER_PATHS = NO;
				ASSETCATALOG_COMPILER_GENERATE_SWIFT_ASSET_SYMBOL_EXTENSIONS = YES;
				CLANG_ANALYZER_NONNULL = YES;
				CLANG_ANALYZER_NUMBER_OBJECT_CONVERSION = YES_AGGRESSIVE;
				CLANG_CXX_LANGUAGE_STANDARD = "gnu++20";
				CLANG_ENABLE_MODULES = YES;
				CLANG_ENABLE_OBJC_ARC = YES;
				CLANG_ENABLE_OBJC_WEAK = YES;
				CLANG_WARN_BLOCK_CAPTURE_AUTORELEASING = YES;
				CLANG_WARN_BOOL_CONVERSION = YES;
				CLANG_WARN_COMMA = YES;
				CLANG_WARN_CONSTANT_CONVERSION = YES;
				CLANG_WARN_DEPRECATED_OBJC_IMPLEMENTATIONS = YES;
				CLANG_WARN_DIRECT_OBJC_ISA_USAGE = YES_ERROR;
				CLANG_WARN_DOCUMENTATION_COMMENTS = YES;
				CLANG_WARN_EMPTY_BODY = YES;
				CLANG_WARN_ENUM_CONVERSION = YES;
				CLANG_WARN_INFINITE_RECURSION = YES;
				CLANG_WARN_INT_CONVERSION = YES;
				CLANG_WARN_NON_LITERAL_NULL_CONVERSION = YES;
				CLANG_WARN_OBJC_IMPLICIT_RETAIN_SELF = YES;
				CLANG_WARN_OBJC_LITERAL_CONVERSION = YES;
				CLANG_WARN_OBJC_ROOT_CLASS = YES_ERROR;
				CLANG_WARN_QUOTED_INCLUDE_IN_FRAMEWORK_HEADER = YES;
				CLANG_WARN_RANGE_LOOP_ANALYSIS = YES;
				CLANG_WARN_STRICT_PROTOTYPES = YES;
				CLANG_WARN_SUSPICIOUS_MOVE = YES;
				CLANG_WARN_UNGUARDED_AVAILABILITY = YES_AGGRESSIVE;
				CLANG_WARN_UNREACHABLE_CODE = YES;
				CLANG_WARN__DUPLICATE_METHOD_MATCH = YES;
				COPY_PHASE_STRIP = NO;
				DEBUG_INFORMATION_FORMAT = dwarf;
				ENABLE_STRICT_OBJC_MSGSEND = YES;
				ENABLE_TESTABILITY = YES;
				ENABLE_USER_SCRIPT_SANDBOXING = YES;
				GCC_C_LANGUAGE_STANDARD = gnu17;
				GCC_DYNAMIC_NO_PIC = NO;
				GCC_NO_COMMON_BLOCKS = YES;
				GCC_OPTIMIZATION_LEVEL = 0;
				GCC_PREPROCESSOR_DEFINITIONS = (
					"DEBUG=1",
					"$(inherited)",
				);
				GCC_WARN_64_TO_32_BIT_CONVERSION = YES;
				GCC_WARN_ABOUT_RETURN_TYPE = YES_ERROR;
				GCC_WARN_UNDECLARED_SELECTOR = YES;
				GCC_WARN_UNINITIALIZED_AUTOS = YES_AGGRESSIVE;
				GCC_WARN_UNUSED_FUNCTION = YES;
				GCC_WARN_UNUSED_VARIABLE = YES;
				IPHONEOS_DEPLOYMENT_TARGET = 17.5;
				LOCALIZATION_PREFERS_STRING_CATALOGS = YES;
				MTL_ENABLE_DEBUG_INFO = INCLUDE_SOURCE;
				MTL_FAST_MATH = YES;
				ONLY_ACTIVE_ARCH = YES;
				SDKROOT = iphoneos;
				SWIFT_ACTIVE_COMPILATION_CONDITIONS = "DEBUG $(inherited)";
				SWIFT_OPTIMIZATION_LEVEL = "-Onone";
			};
			name = Debug;
		};
		2CCA3E7F2C5BAAA90034812A /* Release */ = {
			isa = XCBuildConfiguration;
			buildSettings = {
				ALWAYS_SEARCH_USER_PATHS = NO;
				ASSETCATALOG_COMPILER_GENERATE_SWIFT_ASSET_SYMBOL_EXTENSIONS = YES;
				CLANG_ANALYZER_NONNULL = YES;
				CLANG_ANALYZER_NUMBER_OBJECT_CONVERSION = YES_AGGRESSIVE;
				CLANG_CXX_LANGUAGE_STANDARD = "gnu++20";
				CLANG_ENABLE_MODULES = YES;
				CLANG_ENABLE_OBJC_ARC = YES;
				CLANG_ENABLE_OBJC_WEAK = YES;
				CLANG_WARN_BLOCK_CAPTURE_AUTORELEASING = YES;
				CLANG_WARN_BOOL_CONVERSION = YES;
				CLANG_WARN_COMMA = YES;
				CLANG_WARN_CONSTANT_CONVERSION = YES;
				CLANG_WARN_DEPRECATED_OBJC_IMPLEMENTATIONS = YES;
				CLANG_WARN_DIRECT_OBJC_ISA_USAGE = YES_ERROR;
				CLANG_WARN_DOCUMENTATION_COMMENTS = YES;
				CLANG_WARN_EMPTY_BODY = YES;
				CLANG_WARN_ENUM_CONVERSION = YES;
				CLANG_WARN_INFINITE_RECURSION = YES;
				CLANG_WARN_INT_CONVERSION = YES;
				CLANG_WARN_NON_LITERAL_NULL_CONVERSION = YES;
				CLANG_WARN_OBJC_IMPLICIT_RETAIN_SELF = YES;
				CLANG_WARN_OBJC_LITERAL_CONVERSION = YES;
				CLANG_WARN_OBJC_ROOT_CLASS = YES_ERROR;
				CLANG_WARN_QUOTED_INCLUDE_IN_FRAMEWORK_HEADER = YES;
				CLANG_WARN_RANGE_LOOP_ANALYSIS = YES;
				CLANG_WARN_STRICT_PROTOTYPES = YES;
				CLANG_WARN_SUSPICIOUS_MOVE = YES;
				CLANG_WARN_UNGUARDED_AVAILABILITY = YES_AGGRESSIVE;
				CLANG_WARN_UNREACHABLE_CODE = YES;
				CLANG_WARN__DUPLICATE_METHOD_MATCH = YES;
				COPY_PHASE_STRIP = NO;
				DEBUG_INFORMATION_FORMAT = "dwarf-with-dsym";
				ENABLE_NS_ASSERTIONS = NO;
				ENABLE_STRICT_OBJC_MSGSEND = YES;
				ENABLE_USER_SCRIPT_SANDBOXING = YES;
				GCC_C_LANGUAGE_STANDARD = gnu17;
				GCC_NO_COMMON_BLOCKS = YES;
				GCC_WARN_64_TO_32_BIT_CONVERSION = YES;
				GCC_WARN_ABOUT_RETURN_TYPE = YES_ERROR;
				GCC_WARN_UNDECLARED_SELECTOR = YES;
				GCC_WARN_UNINITIALIZED_AUTOS = YES_AGGRESSIVE;
				GCC_WARN_UNUSED_FUNCTION = YES;
				GCC_WARN_UNUSED_VARIABLE = YES;
				IPHONEOS_DEPLOYMENT_TARGET = 17.5;
				LOCALIZATION_PREFERS_STRING_CATALOGS = YES;
				MTL_ENABLE_DEBUG_INFO = NO;
				MTL_FAST_MATH = YES;
				SDKROOT = iphoneos;
				SWIFT_COMPILATION_MODE = wholemodule;
				VALIDATE_PRODUCT = YES;
			};
			name = Release;
		};
		2CCA3E812C5BAAA90034812A /* Debug */ = {
			isa = XCBuildConfiguration;
			buildSettings = {
				ASSETCATALOG_COMPILER_APPICON_NAME = AppIcon;
				ASSETCATALOG_COMPILER_GLOBAL_ACCENT_COLOR_NAME = AccentColor;
				"CODE_SIGN_IDENTITY[sdk=iphoneos*]" = "iPhone Developer";
				CODE_SIGN_STYLE = Manual;
				CURRENT_PROJECT_VERSION = 2;
				DEVELOPMENT_TEAM = "";
				"DEVELOPMENT_TEAM[sdk=iphoneos*]" = 6X5UG49YNH;
				GENERATE_INFOPLIST_FILE = YES;
				INFOPLIST_FILE = FuelCalculator/Info.plist;
				INFOPLIST_KEY_CFBundleDisplayName = "Калькулятор топлива РБ";
				INFOPLIST_KEY_UIApplicationSupportsIndirectInputEvents = YES;
				INFOPLIST_KEY_UILaunchStoryboardName = "";
				INFOPLIST_KEY_UISupportedInterfaceOrientations_iPad = "UIInterfaceOrientationPortrait UIInterfaceOrientationPortraitUpsideDown UIInterfaceOrientationLandscapeLeft UIInterfaceOrientationLandscapeRight";
				INFOPLIST_KEY_UISupportedInterfaceOrientations_iPhone = "UIInterfaceOrientationPortrait UIInterfaceOrientationLandscapeLeft UIInterfaceOrientationLandscapeRight";
				IPHONEOS_DEPLOYMENT_TARGET = 13.0;
				LD_RUNPATH_SEARCH_PATHS = (
					"$(inherited)",
					"@executable_path/Frameworks",
				);
				MARKETING_VERSION = 1.1;
				OTHER_LDFLAGS = "-ObjC";
				PRODUCT_BUNDLE_IDENTIFIER = com.FuelCalculatorBY;
				PRODUCT_NAME = "$(TARGET_NAME)";
				PROVISIONING_PROFILE_SPECIFIER = "";
				"PROVISIONING_PROFILE_SPECIFIER[sdk=iphoneos*]" = "FuelCalculatorBY dev";
				SUPPORTED_PLATFORMS = "iphoneos iphonesimulator";
				SUPPORTS_MACCATALYST = NO;
				SUPPORTS_MAC_DESIGNED_FOR_IPHONE_IPAD = NO;
				SUPPORTS_XR_DESIGNED_FOR_IPHONE_IPAD = NO;
				SWIFT_EMIT_LOC_STRINGS = YES;
				SWIFT_VERSION = 5.0;
				TARGETED_DEVICE_FAMILY = 1;
			};
			name = Debug;
		};
		2CCA3E822C5BAAA90034812A /* Release */ = {
			isa = XCBuildConfiguration;
			buildSettings = {
				ASSETCATALOG_COMPILER_APPICON_NAME = AppIcon;
				ASSETCATALOG_COMPILER_GLOBAL_ACCENT_COLOR_NAME = AccentColor;
				"CODE_SIGN_IDENTITY[sdk=iphoneos*]" = "iPhone Distribution";
				CODE_SIGN_STYLE = Manual;
				CURRENT_PROJECT_VERSION = 2;
				DEVELOPMENT_TEAM = "";
				"DEVELOPMENT_TEAM[sdk=iphoneos*]" = 6X5UG49YNH;
				GENERATE_INFOPLIST_FILE = YES;
				INFOPLIST_FILE = FuelCalculator/Info.plist;
				INFOPLIST_KEY_CFBundleDisplayName = "Калькулятор топлива РБ";
				INFOPLIST_KEY_UIApplicationSupportsIndirectInputEvents = YES;
				INFOPLIST_KEY_UILaunchStoryboardName = "";
				INFOPLIST_KEY_UISupportedInterfaceOrientations_iPad = "UIInterfaceOrientationPortrait UIInterfaceOrientationPortraitUpsideDown UIInterfaceOrientationLandscapeLeft UIInterfaceOrientationLandscapeRight";
				INFOPLIST_KEY_UISupportedInterfaceOrientations_iPhone = "UIInterfaceOrientationPortrait UIInterfaceOrientationLandscapeLeft UIInterfaceOrientationLandscapeRight";
				IPHONEOS_DEPLOYMENT_TARGET = 13.0;
				LD_RUNPATH_SEARCH_PATHS = (
					"$(inherited)",
					"@executable_path/Frameworks",
				);
				MARKETING_VERSION = 1.1;
				OTHER_LDFLAGS = "-ObjC";
				PRODUCT_BUNDLE_IDENTIFIER = com.FuelCalculatorBY;
				PRODUCT_NAME = "$(TARGET_NAME)";
				PROVISIONING_PROFILE_SPECIFIER = "";
				"PROVISIONING_PROFILE_SPECIFIER[sdk=iphoneos*]" = "com.FuelCalculatorBY release";
				SUPPORTED_PLATFORMS = "iphoneos iphonesimulator";
				SUPPORTS_MACCATALYST = NO;
				SUPPORTS_MAC_DESIGNED_FOR_IPHONE_IPAD = NO;
				SUPPORTS_XR_DESIGNED_FOR_IPHONE_IPAD = NO;
				SWIFT_EMIT_LOC_STRINGS = YES;
				SWIFT_VERSION = 5.0;
				TARGETED_DEVICE_FAMILY = 1;
			};
			name = Release;
		};
/* End XCBuildConfiguration section */

/* Begin XCConfigurationList section */
		2CCA3E672C5BAAA80034812A /* Build configuration list for PBXProject "FuelCalculator" */ = {
			isa = XCConfigurationList;
			buildConfigurations = (
				2CCA3E7E2C5BAAA90034812A /* Debug */,
				2CCA3E7F2C5BAAA90034812A /* Release */,
			);
			defaultConfigurationIsVisible = 0;
			defaultConfigurationName = Release;
		};
		2CCA3E802C5BAAA90034812A /* Build configuration list for PBXNativeTarget "FuelCalculator" */ = {
			isa = XCConfigurationList;
			buildConfigurations = (
				2CCA3E812C5BAAA90034812A /* Debug */,
				2CCA3E822C5BAAA90034812A /* Release */,
			);
			defaultConfigurationIsVisible = 0;
			defaultConfigurationName = Release;
		};
/* End XCConfigurationList section */

/* Begin XCRemoteSwiftPackageReference section */
		2CA7BAA02C6C927700F6DD55 /* XCRemoteSwiftPackageReference "firebase-ios-sdk" */ = {
			isa = XCRemoteSwiftPackageReference;
			repositoryURL = "https://github.com/firebase/firebase-ios-sdk";
			requirement = {
				kind = upToNextMajorVersion;
				minimumVersion = 11.0.0;
			};
		};
		2CCA3E922C5BC3720034812A /* XCRemoteSwiftPackageReference "SnapKit" */ = {
			isa = XCRemoteSwiftPackageReference;
			repositoryURL = "https://github.com/SnapKit/SnapKit.git";
			requirement = {
				kind = upToNextMajorVersion;
				minimumVersion = 5.7.1;
			};
		};
		2CCA3E952C5BC3850034812A /* XCRemoteSwiftPackageReference "SwiftSoup" */ = {
			isa = XCRemoteSwiftPackageReference;
			repositoryURL = "https://github.com/scinfu/SwiftSoup.git";
			requirement = {
				kind = upToNextMajorVersion;
				minimumVersion = 2.7.3;
			};
		};
		2CCA3E982C5BC3F70034812A /* XCRemoteSwiftPackageReference "lottie-spm" */ = {
			isa = XCRemoteSwiftPackageReference;
			repositoryURL = "https://github.com/airbnb/lottie-spm.git";
			requirement = {
				kind = upToNextMajorVersion;
				minimumVersion = 4.5.0;
			};
		};
		2CCA3E9B2C5BC5FA0034812A /* XCRemoteSwiftPackageReference "Alamofire" */ = {
			isa = XCRemoteSwiftPackageReference;
			repositoryURL = "https://github.com/Alamofire/Alamofire.git";
			requirement = {
				kind = upToNextMajorVersion;
				minimumVersion = 5.9.1;
			};
		};
		2CD664282C6CE8F300CE9EF9 /* XCRemoteSwiftPackageReference "swift-package-manager-google-mobile-ads" */ = {
			isa = XCRemoteSwiftPackageReference;
			repositoryURL = "https://github.com/googleads/swift-package-manager-google-mobile-ads.git";
			requirement = {
				kind = upToNextMajorVersion;
				minimumVersion = 11.8.0;
			};
		};
/* End XCRemoteSwiftPackageReference section */

/* Begin XCSwiftPackageProductDependency section */
		2CA7BAA42C6C938500F6DD55 /* FirebaseAnalytics */ = {
			isa = XCSwiftPackageProductDependency;
			package = 2CA7BAA02C6C927700F6DD55 /* XCRemoteSwiftPackageReference "firebase-ios-sdk" */;
			productName = FirebaseAnalytics;
		};
		2CCA3E932C5BC3720034812A /* SnapKit */ = {
			isa = XCSwiftPackageProductDependency;
			package = 2CCA3E922C5BC3720034812A /* XCRemoteSwiftPackageReference "SnapKit" */;
			productName = SnapKit;
		};
		2CCA3E962C5BC3850034812A /* SwiftSoup */ = {
			isa = XCSwiftPackageProductDependency;
			package = 2CCA3E952C5BC3850034812A /* XCRemoteSwiftPackageReference "SwiftSoup" */;
			productName = SwiftSoup;
		};
		2CCA3E992C5BC3F70034812A /* Lottie */ = {
			isa = XCSwiftPackageProductDependency;
			package = 2CCA3E982C5BC3F70034812A /* XCRemoteSwiftPackageReference "lottie-spm" */;
			productName = Lottie;
		};
		2CCA3E9C2C5BC5FA0034812A /* Alamofire */ = {
			isa = XCSwiftPackageProductDependency;
			package = 2CCA3E9B2C5BC5FA0034812A /* XCRemoteSwiftPackageReference "Alamofire" */;
			productName = Alamofire;
		};
		2CD664292C6CE8F300CE9EF9 /* GoogleMobileAds */ = {
			isa = XCSwiftPackageProductDependency;
			package = 2CD664282C6CE8F300CE9EF9 /* XCRemoteSwiftPackageReference "swift-package-manager-google-mobile-ads" */;
			productName = GoogleMobileAds;
		};
/* End XCSwiftPackageProductDependency section */
	};
	rootObject = 2CCA3E642C5BAAA80034812A /* Project object */;
}
